
Microsoft Visual Studio Solution File, Format Version 12.00
# Visual Studio Version 17
VisualStudioVersion = 17.9.34616.47
MinimumVisualStudioVersion = 10.0.40219.1
Project("{00D1A9C2-B5F0-4AF3-8072-F6C62B433612}") = "BroncoFlex.SQLServerDB", "SQLServerDB\BroncoFlex.SQLServerDB.sqlproj", "{452E1C33-E781-4420-890C-7D05910F10AB}"
EndProject
Project("{FAE04EC0-301F-11D3-BF4B-00C04F79EFBC}") = "BlazorUI.Client", "BlazorUI.Client\BlazorUI.Client.csproj", "{F48B2DEC-05E1-488F-9EBA-9F98EC1B1606}"
EndProject
Global
	GlobalSection(SolutionConfigurationPlatforms) = preSolution
		Debug|Any CPU = Debug|Any CPU
		Release|Any CPU = Release|Any CPU
	EndGlobalSection
	GlobalSection(ProjectConfigurationPlatforms) = postSolution
		{452E1C33-E781-4420-890C-7D05910F10AB}.Debug|Any CPU.ActiveCfg = Debug|Any CPU
		{452E1C33-E781-4420-890C-7D05910F10AB}.Debug|Any CPU.Build.0 = Debug|Any CPU
		{452E1C33-E781-4420-890C-7D05910F10AB}.Debug|Any CPU.Deploy.0 = Debug|Any CPU
		{452E1C33-E781-4420-890C-7D05910F10AB}.Release|Any CPU.ActiveCfg = Release|Any CPU
		{452E1C33-E781-4420-890C-7D05910F10AB}.Release|Any CPU.Build.0 = Release|Any CPU
		{452E1C33-E781-4420-890C-7D05910F10AB}.Release|Any CPU.Deploy.0 = Release|Any CPU
		{F48B2DEC-05E1-488F-9EBA-9F98EC1B1606}.Debug|Any CPU.ActiveCfg = Debug|Any CPU
		{F48B2DEC-05E1-488F-9EBA-9F98EC1B1606}.Debug|Any CPU.Build.0 = Debug|Any CPU
		{F48B2DEC-05E1-488F-9EBA-9F98EC1B1606}.Release|Any CPU.ActiveCfg = Release|Any CPU
		{F48B2DEC-05E1-488F-9EBA-9F98EC1B1606}.Release|Any CPU.Build.0 = Release|Any CPU
	EndGlobalSection
	GlobalSection(SolutionProperties) = preSolution
		HideSolutionNode = FALSE
	EndGlobalSection
	GlobalSection(ExtensibilityGlobals) = postSolution
		SolutionGuid = {E924D9A5-8755-47AB-8C78-D4AF1F4C6CAF}
	EndGlobalSection
EndGlobal
