
Microsoft Visual Studio Solution File, Format Version 12.00
# Visual Studio Version 17
VisualStudioVersion = 17.9.34616.47
MinimumVisualStudioVersion = 10.0.40219.1
Project("{9A19103F-16F7-4668-BE54-9A1E7A4F7556}") = "BroncoFlex", "BroncoFlex\BroncoFlex\BroncoFlex.csproj", "{0AD2B856-E5F8-47F9-A902-A76DDA8781EE}"
EndProject
Project("{9A19103F-16F7-4668-BE54-9A1E7A4F7556}") = "BroncoFlex.Client", "BroncoFlex\BroncoFlex.Client\BroncoFlex.Client.csproj", "{32595580-95B4-4A7B-8C38-78F5B673E37C}"
EndProject
Project("{00D1A9C2-B5F0-4AF3-8072-F6C62B433612}") = "BroncoFlex.SQLServerDB", "SQLServerDB\BroncoFlex.SQLServerDB.sqlproj", "{452E1C33-E781-4420-890C-7D05910F10AB}"
EndProject
Global
	GlobalSection(SolutionConfigurationPlatforms) = preSolution
		Debug|Any CPU = Debug|Any CPU
		Release|Any CPU = Release|Any CPU
	EndGlobalSection
	GlobalSection(ProjectConfigurationPlatforms) = postSolution
		{0AD2B856-E5F8-47F9-A902-A76DDA8781EE}.Debug|Any CPU.ActiveCfg = Debug|Any CPU
		{0AD2B856-E5F8-47F9-A902-A76DDA8781EE}.Debug|Any CPU.Build.0 = Debug|Any CPU
		{0AD2B856-E5F8-47F9-A902-A76DDA8781EE}.Release|Any CPU.ActiveCfg = Release|Any CPU
		{0AD2B856-E5F8-47F9-A902-A76DDA8781EE}.Release|Any CPU.Build.0 = Release|Any CPU
		{32595580-95B4-4A7B-8C38-78F5B673E37C}.Debug|Any CPU.ActiveCfg = Debug|Any CPU
		{32595580-95B4-4A7B-8C38-78F5B673E37C}.Debug|Any CPU.Build.0 = Debug|Any CPU
		{32595580-95B4-4A7B-8C38-78F5B673E37C}.Release|Any CPU.ActiveCfg = Release|Any CPU
		{32595580-95B4-4A7B-8C38-78F5B673E37C}.Release|Any CPU.Build.0 = Release|Any CPU
		{452E1C33-E781-4420-890C-7D05910F10AB}.Debug|Any CPU.ActiveCfg = Debug|Any CPU
		{452E1C33-E781-4420-890C-7D05910F10AB}.Debug|Any CPU.Build.0 = Debug|Any CPU
		{452E1C33-E781-4420-890C-7D05910F10AB}.Debug|Any CPU.Deploy.0 = Debug|Any CPU
		{452E1C33-E781-4420-890C-7D05910F10AB}.Release|Any CPU.ActiveCfg = Release|Any CPU
		{452E1C33-E781-4420-890C-7D05910F10AB}.Release|Any CPU.Build.0 = Release|Any CPU
		{452E1C33-E781-4420-890C-7D05910F10AB}.Release|Any CPU.Deploy.0 = Release|Any CPU
	EndGlobalSection
	GlobalSection(SolutionProperties) = preSolution
		HideSolutionNode = FALSE
	EndGlobalSection
	GlobalSection(ExtensibilityGlobals) = postSolution
		SolutionGuid = {E924D9A5-8755-47AB-8C78-D4AF1F4C6CAF}
	EndGlobalSection
EndGlobal
