
Microsoft Visual Studio Solution File, Format Version 12.00
# Visual Studio Version 17
VisualStudioVersion = 17.9.34616.47
MinimumVisualStudioVersion = 10.0.40219.1
Project("{00D1A9C2-B5F0-4AF3-8072-F6C62B433612}") = "BroncoFlex.SQLServerDB", "SQLServerDB\BroncoFlex.SQLServerDB.sqlproj", "{452E1C33-E781-4420-890C-7D05910F10AB}"
EndProject
Project("{FAE04EC0-301F-11D3-BF4B-00C04F79EFBC}") = "WebAPI.Server", "WebAPI\WebAPI.Server.csproj", "{88A15982-5F4E-4788-B1C1-030CB17264A9}"
EndProject
Project("{FAE04EC0-301F-11D3-BF4B-00C04F79EFBC}") = "BroncoFlex.Shared", "BroncoFlex.Shared\BroncoFlex.Shared.csproj", "{354EB868-561D-48B0-953C-F63CA55DB340}"
EndProject
Project("{FAE04EC0-301F-11D3-BF4B-00C04F79EFBC}") = "BlazorWASM.Client", "BlazorWASM.Client\BlazorWASM.Client.csproj", "{C8D422A5-6221-434E-8AE1-99F40F0C14DE}"
EndProject
Global
	GlobalSection(SolutionConfigurationPlatforms) = preSolution
		Debug|Any CPU = Debug|Any CPU
		Release|Any CPU = Release|Any CPU
	EndGlobalSection
	GlobalSection(ProjectConfigurationPlatforms) = postSolution
		{452E1C33-E781-4420-890C-7D05910F10AB}.Debug|Any CPU.ActiveCfg = Debug|Any CPU
		{452E1C33-E781-4420-890C-7D05910F10AB}.Debug|Any CPU.Build.0 = Debug|Any CPU
		{452E1C33-E781-4420-890C-7D05910F10AB}.Debug|Any CPU.Deploy.0 = Debug|Any CPU
		{452E1C33-E781-4420-890C-7D05910F10AB}.Release|Any CPU.ActiveCfg = Release|Any CPU
		{452E1C33-E781-4420-890C-7D05910F10AB}.Release|Any CPU.Build.0 = Release|Any CPU
		{452E1C33-E781-4420-890C-7D05910F10AB}.Release|Any CPU.Deploy.0 = Release|Any CPU
		{88A15982-5F4E-4788-B1C1-030CB17264A9}.Debug|Any CPU.ActiveCfg = Debug|Any CPU
		{88A15982-5F4E-4788-B1C1-030CB17264A9}.Debug|Any CPU.Build.0 = Debug|Any CPU
		{88A15982-5F4E-4788-B1C1-030CB17264A9}.Release|Any CPU.ActiveCfg = Release|Any CPU
		{88A15982-5F4E-4788-B1C1-030CB17264A9}.Release|Any CPU.Build.0 = Release|Any CPU
		{354EB868-561D-48B0-953C-F63CA55DB340}.Debug|Any CPU.ActiveCfg = Debug|Any CPU
		{354EB868-561D-48B0-953C-F63CA55DB340}.Debug|Any CPU.Build.0 = Debug|Any CPU
		{354EB868-561D-48B0-953C-F63CA55DB340}.Release|Any CPU.ActiveCfg = Release|Any CPU
		{354EB868-561D-48B0-953C-F63CA55DB340}.Release|Any CPU.Build.0 = Release|Any CPU
		{C8D422A5-6221-434E-8AE1-99F40F0C14DE}.Debug|Any CPU.ActiveCfg = Debug|Any CPU
		{C8D422A5-6221-434E-8AE1-99F40F0C14DE}.Debug|Any CPU.Build.0 = Debug|Any CPU
		{C8D422A5-6221-434E-8AE1-99F40F0C14DE}.Release|Any CPU.ActiveCfg = Release|Any CPU
		{C8D422A5-6221-434E-8AE1-99F40F0C14DE}.Release|Any CPU.Build.0 = Release|Any CPU
	EndGlobalSection
	GlobalSection(SolutionProperties) = preSolution
		HideSolutionNode = FALSE
	EndGlobalSection
	GlobalSection(ExtensibilityGlobals) = postSolution
		SolutionGuid = {E924D9A5-8755-47AB-8C78-D4AF1F4C6CAF}
	EndGlobalSection
EndGlobal
